
Microsoft Visual Studio Solution File, Format Version 12.00
# Visual Studio Version 17
VisualStudioVersion = 17.8.34525.116
MinimumVisualStudioVersion = 10.0.40219.1
Project("{FAE04EC0-301F-11D3-BF4B-00C04F79EFBC}") = "API-Lawyer", "API-Lawyer\API-Lawyer.csproj", "{2FCF3EF5-0B11-469E-8BEA-9F06AC1FD8AA}"
EndProject
Global
	GlobalSection(SolutionConfigurationPlatforms) = preSolution
		Debug|Any CPU = Debug|Any CPU
		Release|Any CPU = Release|Any CPU
	EndGlobalSection
	GlobalSection(ProjectConfigurationPlatforms) = postSolution
		{2FCF3EF5-0B11-469E-8BEA-9F06AC1FD8AA}.Debug|Any CPU.ActiveCfg = Debug|Any CPU
		{2FCF3EF5-0B11-469E-8BEA-9F06AC1FD8AA}.Debug|Any CPU.Build.0 = Debug|Any CPU
		{2FCF3EF5-0B11-469E-8BEA-9F06AC1FD8AA}.Release|Any CPU.ActiveCfg = Release|Any CPU
		{2FCF3EF5-0B11-469E-8BEA-9F06AC1FD8AA}.Release|Any CPU.Build.0 = Release|Any CPU
	EndGlobalSection
	GlobalSection(SolutionProperties) = preSolution
		HideSolutionNode = FALSE
	EndGlobalSection
	GlobalSection(ExtensibilityGlobals) = postSolution
		SolutionGuid = {4D5EAC16-3C1B-4809-A58B-A237EB656D18}
	EndGlobalSection
EndGlobal
